
Microsoft Visual Studio Solution File, Format Version 12.00
# Visual Studio Version 17
VisualStudioVersion = 17.10.35027.167
MinimumVisualStudioVersion = 10.0.40219.1
Project("{FAE04EC0-301F-11D3-BF4B-00C04F79EFBC}") = "musi school", "musi school\musi school.csproj", "{DBB64370-1650-4E5D-949C-57DD8972773E}"
EndProject
Global
	GlobalSection(SolutionConfigurationPlatforms) = preSolution
		Debug|Any CPU = Debug|Any CPU
		Release|Any CPU = Release|Any CPU
	EndGlobalSection
	GlobalSection(ProjectConfigurationPlatforms) = postSolution
		{DBB64370-1650-4E5D-949C-57DD8972773E}.Debug|Any CPU.ActiveCfg = Debug|Any CPU
		{DBB64370-1650-4E5D-949C-57DD8972773E}.Debug|Any CPU.Build.0 = Debug|Any CPU
		{DBB64370-1650-4E5D-949C-57DD8972773E}.Release|Any CPU.ActiveCfg = Release|Any CPU
		{DBB64370-1650-4E5D-949C-57DD8972773E}.Release|Any CPU.Build.0 = Release|Any CPU
	EndGlobalSection
	GlobalSection(SolutionProperties) = preSolution
		HideSolutionNode = FALSE
	EndGlobalSection
	GlobalSection(ExtensibilityGlobals) = postSolution
		SolutionGuid = {7A319DDA-BDC0-4C79-B37F-41BA428524E5}
	EndGlobalSection
EndGlobal
